
Microsoft Visual Studio Solution File, Format Version 12.00
# Visual Studio Version 17
VisualStudioVersion = 17.14.36301.6
MinimumVisualStudioVersion = 10.0.40219.1
Project("{FAE04EC0-301F-11D3-BF4B-00C04F79EFBC}") = "MyAssistant", "MyAssistant\MyAssistant.csproj", "{FA5120B0-899E-4707-BAC1-E021670205B2}"
EndProject
Project("{FAE04EC0-301F-11D3-BF4B-00C04F79EFBC}") = "SimplaAiConfiguration.Console", "SimplaAiConfiguration.Console\SimplaAiConfiguration.Console.csproj", "{4F0D00A8-D265-425D-A955-C626ED8085E4}"
EndProject
Project("{FAE04EC0-301F-11D3-BF4B-00C04F79EFBC}") = "Application", "Application\Application.csproj", "{D23AFCA1-5A9F-4F50-A3AE-B85ABC2CF7D4}"
EndProject
Project("{FAE04EC0-301F-11D3-BF4B-00C04F79EFBC}") = "Infrastructure", "Infrastructure\Infrastructure.csproj", "{488583ED-9C39-4E89-9E2F-A3DBFE3A2799}"
EndProject
Project("{FAE04EC0-301F-11D3-BF4B-00C04F79EFBC}") = "Domain", "Domain\Domain.csproj", "{8BEE998D-6F51-413B-92D5-95C503DCEE92}"
EndProject
Global
	GlobalSection(SolutionConfigurationPlatforms) = preSolution
		Debug|Any CPU = Debug|Any CPU
		Release|Any CPU = Release|Any CPU
	EndGlobalSection
	GlobalSection(ProjectConfigurationPlatforms) = postSolution
		{FA5120B0-899E-4707-BAC1-E021670205B2}.Debug|Any CPU.ActiveCfg = Debug|Any CPU
		{FA5120B0-899E-4707-BAC1-E021670205B2}.Debug|Any CPU.Build.0 = Debug|Any CPU
		{FA5120B0-899E-4707-BAC1-E021670205B2}.Release|Any CPU.ActiveCfg = Release|Any CPU
		{FA5120B0-899E-4707-BAC1-E021670205B2}.Release|Any CPU.Build.0 = Release|Any CPU
		{4F0D00A8-D265-425D-A955-C626ED8085E4}.Debug|Any CPU.ActiveCfg = Debug|Any CPU
		{4F0D00A8-D265-425D-A955-C626ED8085E4}.Debug|Any CPU.Build.0 = Debug|Any CPU
		{4F0D00A8-D265-425D-A955-C626ED8085E4}.Release|Any CPU.ActiveCfg = Release|Any CPU
		{4F0D00A8-D265-425D-A955-C626ED8085E4}.Release|Any CPU.Build.0 = Release|Any CPU
		{D23AFCA1-5A9F-4F50-A3AE-B85ABC2CF7D4}.Debug|Any CPU.ActiveCfg = Debug|Any CPU
		{D23AFCA1-5A9F-4F50-A3AE-B85ABC2CF7D4}.Debug|Any CPU.Build.0 = Debug|Any CPU
		{D23AFCA1-5A9F-4F50-A3AE-B85ABC2CF7D4}.Release|Any CPU.ActiveCfg = Release|Any CPU
		{D23AFCA1-5A9F-4F50-A3AE-B85ABC2CF7D4}.Release|Any CPU.Build.0 = Release|Any CPU
		{488583ED-9C39-4E89-9E2F-A3DBFE3A2799}.Debug|Any CPU.ActiveCfg = Debug|Any CPU
		{488583ED-9C39-4E89-9E2F-A3DBFE3A2799}.Debug|Any CPU.Build.0 = Debug|Any CPU
		{488583ED-9C39-4E89-9E2F-A3DBFE3A2799}.Release|Any CPU.ActiveCfg = Release|Any CPU
		{488583ED-9C39-4E89-9E2F-A3DBFE3A2799}.Release|Any CPU.Build.0 = Release|Any CPU
		{8BEE998D-6F51-413B-92D5-95C503DCEE92}.Debug|Any CPU.ActiveCfg = Debug|Any CPU
		{8BEE998D-6F51-413B-92D5-95C503DCEE92}.Debug|Any CPU.Build.0 = Debug|Any CPU
		{8BEE998D-6F51-413B-92D5-95C503DCEE92}.Release|Any CPU.ActiveCfg = Release|Any CPU
		{8BEE998D-6F51-413B-92D5-95C503DCEE92}.Release|Any CPU.Build.0 = Release|Any CPU
	EndGlobalSection
	GlobalSection(SolutionProperties) = preSolution
		HideSolutionNode = FALSE
	EndGlobalSection
	GlobalSection(ExtensibilityGlobals) = postSolution
		SolutionGuid = {87CFC9CC-0E58-4CB2-8583-E040D0360AD9}
	EndGlobalSection
EndGlobal
